
Microsoft Visual Studio Solution File, Format Version 12.00
# Visual Studio Version 17
VisualStudioVersion = 17.10.34928.147
MinimumVisualStudioVersion = 10.0.40219.1
Project("{FAE04EC0-301F-11D3-BF4B-00C04F79EFBC}") = "API", "API\API.csproj", "{2B168593-230E-4F0D-BC3C-794F811DC61D}"
EndProject
Project("{FAE04EC0-301F-11D3-BF4B-00C04F79EFBC}") = "Core", "Core\Core.csproj", "{4902A97B-68F1-46FF-94CA-B70346C4FF0F}"
EndProject
Project("{FAE04EC0-301F-11D3-BF4B-00C04F79EFBC}") = "Infrastructure", "Infrastructure\Infrastructure.csproj", "{3256455E-D017-4BD4-900C-129A4F032A61}"
EndProject
Project("{FAE04EC0-301F-11D3-BF4B-00C04F79EFBC}") = "Persistence", "Persistence\Persistence.csproj", "{5163AC41-18B3-4AC5-AE71-F74242ECC9D3}"
EndProject
Global
	GlobalSection(SolutionConfigurationPlatforms) = preSolution
		Debug|Any CPU = Debug|Any CPU
		Release|Any CPU = Release|Any CPU
	EndGlobalSection
	GlobalSection(ProjectConfigurationPlatforms) = postSolution
		{2B168593-230E-4F0D-BC3C-794F811DC61D}.Debug|Any CPU.ActiveCfg = Debug|Any CPU
		{2B168593-230E-4F0D-BC3C-794F811DC61D}.Debug|Any CPU.Build.0 = Debug|Any CPU
		{2B168593-230E-4F0D-BC3C-794F811DC61D}.Release|Any CPU.ActiveCfg = Release|Any CPU
		{2B168593-230E-4F0D-BC3C-794F811DC61D}.Release|Any CPU.Build.0 = Release|Any CPU
		{4902A97B-68F1-46FF-94CA-B70346C4FF0F}.Debug|Any CPU.ActiveCfg = Debug|Any CPU
		{4902A97B-68F1-46FF-94CA-B70346C4FF0F}.Debug|Any CPU.Build.0 = Debug|Any CPU
		{4902A97B-68F1-46FF-94CA-B70346C4FF0F}.Release|Any CPU.ActiveCfg = Release|Any CPU
		{4902A97B-68F1-46FF-94CA-B70346C4FF0F}.Release|Any CPU.Build.0 = Release|Any CPU
		{3256455E-D017-4BD4-900C-129A4F032A61}.Debug|Any CPU.ActiveCfg = Debug|Any CPU
		{3256455E-D017-4BD4-900C-129A4F032A61}.Debug|Any CPU.Build.0 = Debug|Any CPU
		{3256455E-D017-4BD4-900C-129A4F032A61}.Release|Any CPU.ActiveCfg = Release|Any CPU
		{3256455E-D017-4BD4-900C-129A4F032A61}.Release|Any CPU.Build.0 = Release|Any CPU
		{5163AC41-18B3-4AC5-AE71-F74242ECC9D3}.Debug|Any CPU.ActiveCfg = Debug|Any CPU
		{5163AC41-18B3-4AC5-AE71-F74242ECC9D3}.Debug|Any CPU.Build.0 = Debug|Any CPU
		{5163AC41-18B3-4AC5-AE71-F74242ECC9D3}.Release|Any CPU.ActiveCfg = Release|Any CPU
		{5163AC41-18B3-4AC5-AE71-F74242ECC9D3}.Release|Any CPU.Build.0 = Release|Any CPU
	EndGlobalSection
	GlobalSection(SolutionProperties) = preSolution
		HideSolutionNode = FALSE
	EndGlobalSection
	GlobalSection(ExtensibilityGlobals) = postSolution
		SolutionGuid = {5F1FD83C-550D-4592-81D5-9CA50AB20C3F}
	EndGlobalSection
EndGlobal
